<?xml version="1.0" encoding="utf-8"?>
<Project ToolsVersion="4.0" xmlns="http://schemas.microsoft.com/developer/msbuild/2003">
  <ItemGroup>
    <Filter Include="소스 파일">
      <UniqueIdentifier>{4FC737F1-C7A5-4376-A066-2A32D752A2FF}</UniqueIdentifier>
      <Extensions>cpp;c;cc;cxx;def;odl;idl;hpj;bat;asm;asmx</Extensions>
    </Filter>
    <Filter Include="헤더 파일">
      <UniqueIdentifier>{93995380-89BD-4b04-88EB-625FBE52EBFB}</UniqueIdentifier>
      <Extensions>h;hh;hpp;hxx;hm;inl;inc;xsd</Extensions>
    </Filter>
    <Filter Include="리소스 파일">
      <UniqueIdentifier>{67DA6AB6-F800-4c08-8B7A-83BB121AAD01}</UniqueIdentifier>
      <Extensions>rc;ico;cur;bmp;dlg;rc2;rct;bin;rgs;gif;jpg;jpeg;jpe;resx;tiff;tif;png;wav;mfcribbon-ms</Extensions>
    </Filter>
    <Filter Include="소스 파일\자료구조 1">
      <UniqueIdentifier>{d149264b-dde8-4e0b-86f0-ae139f708e47}</UniqueIdentifier>
    </Filter>
    <Filter Include="소스 파일\if문">
      <UniqueIdentifier>{4006e080-8d47-4dfd-9c91-5637210cd13c}</UniqueIdentifier>
    </Filter>
    <Filter Include="소스 파일\for문">
      <UniqueIdentifier>{db740b85-d89c-4fa8-8dc5-5d1ab448ce43}</UniqueIdentifier>
    </Filter>
    <Filter Include="소스 파일\while문">
      <UniqueIdentifier>{3b3e75aa-6965-46f7-951d-01dde0dfba95}</UniqueIdentifier>
    </Filter>
    <Filter Include="소스 파일\입출력과 사칙연산">
      <UniqueIdentifier>{8f85ab1d-026e-43c6-920f-6b4fc6b6102f}</UniqueIdentifier>
    </Filter>
    <Filter Include="소스 파일\실습1">
      <UniqueIdentifier>{0875a71f-5942-4612-a25d-a2e943f24899}</UniqueIdentifier>
    </Filter>
  </ItemGroup>
  <ItemGroup>
    <ClCompile Include="1158 요세푸스 문제.cpp">
      <Filter>소스 파일\자료구조 1</Filter>
    </ClCompile>
    <ClCompile Include="1406 에디터.cpp">
      <Filter>소스 파일\자료구조 1</Filter>
    </ClCompile>
    <ClCompile Include="1874 스택 수열.cpp">
      <Filter>소스 파일\자료구조 1</Filter>
    </ClCompile>
    <ClCompile Include="9012 괄호.cpp">
      <Filter>소스 파일\자료구조 1</Filter>
    </ClCompile>
    <ClCompile Include="9093 단어 뒤집기.cpp">
      <Filter>소스 파일\자료구조 1</Filter>
    </ClCompile>
    <ClCompile Include="10799 쇠막대기.cpp">
      <Filter>소스 파일\자료구조 1</Filter>
    </ClCompile>
    <ClCompile Include="10828 스택.cpp">
      <Filter>소스 파일\자료구조 1</Filter>
    </ClCompile>
    <ClCompile Include="10845 큐.cpp">
      <Filter>소스 파일\자료구조 1</Filter>
    </ClCompile>
    <ClCompile Include="10866 덱.cpp">
      <Filter>소스 파일\자료구조 1</Filter>
    </ClCompile>
    <ClCompile Include="17298 오큰수.cpp">
      <Filter>소스 파일\자료구조 1</Filter>
    </ClCompile>
    <ClCompile Include="17299 오등큰수.cpp">
      <Filter>소스 파일\자료구조 1</Filter>
    </ClCompile>
    <ClCompile Include="17413 단어 뒤집기 2.cpp">
      <Filter>소스 파일\자료구조 1</Filter>
    </ClCompile>
    <ClCompile Include="소스.cpp">
      <Filter>소스 파일\자료구조 1</Filter>
    </ClCompile>
    <ClCompile Include="10430 나머지.cpp">
      <Filter>소스 파일</Filter>
    </ClCompile>
    <ClCompile Include="10827 a^b.cpp">
      <Filter>소스 파일</Filter>
    </ClCompile>
    <ClCompile Include="10757 큰수 A+B.cpp">
      <Filter>소스 파일</Filter>
    </ClCompile>
    <ClCompile Include="1934 최소공배수.cpp">
      <Filter>소스 파일</Filter>
    </ClCompile>
    <ClCompile Include="2609 최대공약수와 최소공배수.cpp">
      <Filter>소스 파일</Filter>
    </ClCompile>
    <ClCompile Include="1978 소수 찾기.cpp">
      <Filter>소스 파일</Filter>
    </ClCompile>
    <ClCompile Include="1929 소수 구하기.cpp">
      <Filter>소스 파일</Filter>
    </ClCompile>
    <ClCompile Include="6588 골드바흐의 추측.cpp">
      <Filter>소스 파일</Filter>
    </ClCompile>
    <ClCompile Include="10872번 팩토리얼.cpp">
      <Filter>소스 파일</Filter>
    </ClCompile>
    <ClCompile Include="1676 팩토리얼 0의 개수.cpp">
      <Filter>소스 파일</Filter>
    </ClCompile>
    <ClCompile Include="2004 조합 0의 개수.cpp">
      <Filter>소스 파일</Filter>
    </ClCompile>
    <ClCompile Include="9613 GCD 합.cpp">
      <Filter>소스 파일</Filter>
    </ClCompile>
    <ClCompile Include="17087 숨바꼭질 6.cpp">
      <Filter>소스 파일</Filter>
    </ClCompile>
    <ClCompile Include="1373 2진수 8진수.cpp">
      <Filter>소스 파일</Filter>
    </ClCompile>
    <ClCompile Include="9498 시험 성적.cpp">
      <Filter>소스 파일\if문</Filter>
    </ClCompile>
    <ClCompile Include="2753 윤년.cpp">
      <Filter>소스 파일\if문</Filter>
    </ClCompile>
    <ClCompile Include="14681 사분면 고르기.cpp">
      <Filter>소스 파일\if문</Filter>
    </ClCompile>
    <ClCompile Include="2884 알람 시계.cpp">
      <Filter>소스 파일\if문</Filter>
    </ClCompile>
    <ClCompile Include="2739 구구단.cpp">
      <Filter>소스 파일\for문</Filter>
    </ClCompile>
    <ClCompile Include="8393 합.cpp">
      <Filter>소스 파일\for문</Filter>
    </ClCompile>
    <ClCompile Include="15552 빠른 A+B.cpp">
      <Filter>소스 파일\for문</Filter>
    </ClCompile>
    <ClCompile Include="2741 N찍기.cpp">
      <Filter>소스 파일\for문</Filter>
    </ClCompile>
    <ClCompile Include="2742 기찍 N.cpp">
      <Filter>소스 파일\for문</Filter>
    </ClCompile>
    <ClCompile Include="10871 X보다 작은 수.cpp">
      <Filter>소스 파일\for문</Filter>
    </ClCompile>
    <ClCompile Include="10952 A+B - 5.cpp">
      <Filter>소스 파일\while문</Filter>
    </ClCompile>
    <ClCompile Include="10951 A+B - 4.cpp">
      <Filter>소스 파일\while문</Filter>
    </ClCompile>
    <ClCompile Include="1110 더하기 사이클 .cpp">
      <Filter>소스 파일\while문</Filter>
    </ClCompile>
    <ClCompile Include="2588 곱셈.cpp">
      <Filter>소스 파일\입출력과 사칙연산</Filter>
    </ClCompile>
    <ClCompile Include="10039 평균 점수.cpp">
      <Filter>소스 파일\실습1</Filter>
    </ClCompile>
    <ClCompile Include="5543 상덕 버거.cpp">
      <Filter>소스 파일\실습1</Filter>
    </ClCompile>
    <ClCompile Include="10817 세 수.cpp">
      <Filter>소스 파일\실습1</Filter>
    </ClCompile>
    <ClCompile Include="2523 별찍기 -13.cpp">
      <Filter>소스 파일\실습1</Filter>
    </ClCompile>
    <ClCompile Include="2446 별 찍기-9.cpp">
      <Filter>소스 파일\실습1</Filter>
    </ClCompile>
    <ClCompile Include="10996 별 찍기 - 21.cpp">
      <Filter>소스 파일\실습1</Filter>
    </ClCompile>
    <ClCompile Include="17103 골드바흐 파티션.cpp">
      <Filter>소스 파일</Filter>
    </ClCompile>
  </ItemGroup>
</Project>